
Microsoft Visual Studio Solution File, Format Version 11.00
# Visual Studio 2010
Project("{FAE04EC0-301F-11D3-BF4B-00C04F79EFBC}") = "TFSAPI-DeleteWorkItemDemo", "TFSAPI-DeleteWorkItemDemo\TFSAPI-DeleteWorkItemDemo.csproj", "{FEEEAC0C-13F1-4E9C-A01D-424F6A1DEC43}"
EndProject
Global
	GlobalSection(SolutionConfigurationPlatforms) = preSolution
		Debug|x86 = Debug|x86
		Release|x86 = Release|x86
	EndGlobalSection
	GlobalSection(ProjectConfigurationPlatforms) = postSolution
		{FEEEAC0C-13F1-4E9C-A01D-424F6A1DEC43}.Debug|x86.ActiveCfg = Debug|x86
		{FEEEAC0C-13F1-4E9C-A01D-424F6A1DEC43}.Debug|x86.Build.0 = Debug|x86
		{FEEEAC0C-13F1-4E9C-A01D-424F6A1DEC43}.Release|x86.ActiveCfg = Release|x86
		{FEEEAC0C-13F1-4E9C-A01D-424F6A1DEC43}.Release|x86.Build.0 = Release|x86
	EndGlobalSection
	GlobalSection(SolutionProperties) = preSolution
		HideSolutionNode = FALSE
	EndGlobalSection
EndGlobal
